// !$*UTF8*$!
{
	archiveVersion = 1;
	classes = {
	};
	objectVersion = 77;
	objects = {

/* Begin PBXBuildFile section */
		8E301A272EB8F8BF00B1CF5F /* OneSignalNotificationServiceExtension.appex in Embed Foundation Extensions */ = {isa = PBXBuildFile; fileRef = 8E301A202EB8F8BF00B1CF5F /* OneSignalNotificationServiceExtension.appex */; settings = {ATTRIBUTES = (RemoveHeadersOnCopy, ); }; };
		8E301A302EB8FD6200B1CF5F /* OneSignalExtension in Frameworks */ = {isa = PBXBuildFile; productRef = 8E301A2F2EB8FD6200B1CF5F /* OneSignalExtension */; };
		8E301A322EB8FD6200B1CF5F /* OneSignalFramework in Frameworks */ = {isa = PBXBuildFile; productRef = 8E301A312EB8FD6200B1CF5F /* OneSignalFramework */; };
		8E6579A42E7066D800CECD47 /* Auth in Frameworks */ = {isa = PBXBuildFile; productRef = 8E6579A32E7066D800CECD47 /* Auth */; };
		8E6579A62E7066D800CECD47 /* Functions in Frameworks */ = {isa = PBXBuildFile; productRef = 8E6579A52E7066D800CECD47 /* Functions */; };
		8E6579A82E7066D800CECD47 /* PostgREST in Frameworks */ = {isa = PBXBuildFile; productRef = 8E6579A72E7066D800CECD47 /* PostgREST */; };
		8E6579AA2E7066D800CECD47 /* Realtime in Frameworks */ = {isa = PBXBuildFile; productRef = 8E6579A92E7066D800CECD47 /* Realtime */; };
		8E6579AC2E7066D800CECD47 /* Storage in Frameworks */ = {isa = PBXBuildFile; productRef = 8E6579AB2E7066D800CECD47 /* Storage */; };
		8E6579AE2E7066D800CECD47 /* Supabase in Frameworks */ = {isa = PBXBuildFile; productRef = 8E6579AD2E7066D800CECD47 /* Supabase */; };
		8EF874082EBC9C4A00B9CE3E /* SmartlookAnalytics in Frameworks */ = {isa = PBXBuildFile; productRef = 8EF874072EBC9C4A00B9CE3E /* SmartlookAnalytics */; };
		8EF8740B2EBCA05E00B9CE3E /* SmartlookConsentSDK in Frameworks */ = {isa = PBXBuildFile; productRef = 8EF8740A2EBCA05E00B9CE3E /* SmartlookConsentSDK */; };
/* End PBXBuildFile section */

/* Begin PBXContainerItemProxy section */
		8E301A252EB8F8BF00B1CF5F /* PBXContainerItemProxy */ = {
			isa = PBXContainerItemProxy;
			containerPortal = 8E7AB9132E68ACE8002CC686 /* Project object */;
			proxyType = 1;
			remoteGlobalIDString = 8E301A1F2EB8F8BF00B1CF5F;
			remoteInfo = OneSignalNotificationServiceExtension;
		};
		8E7AB9292E68ACEB002CC686 /* PBXContainerItemProxy */ = {
			isa = PBXContainerItemProxy;
			containerPortal = 8E7AB9132E68ACE8002CC686 /* Project object */;
			proxyType = 1;
			remoteGlobalIDString = 8E7AB91A2E68ACE8002CC686;
			remoteInfo = TrashPicker;
		};
		8E7AB9332E68ACEB002CC686 /* PBXContainerItemProxy */ = {
			isa = PBXContainerItemProxy;
			containerPortal = 8E7AB9132E68ACE8002CC686 /* Project object */;
			proxyType = 1;
			remoteGlobalIDString = 8E7AB91A2E68ACE8002CC686;
			remoteInfo = TrashPicker;
		};
/* End PBXContainerItemProxy section */

/* Begin PBXCopyFilesBuildPhase section */
		8E301A2C2EB8F8BF00B1CF5F /* Embed Foundation Extensions */ = {
			isa = PBXCopyFilesBuildPhase;
			buildActionMask = 2147483647;
			dstPath = "";
			dstSubfolderSpec = 13;
			files = (
				8E301A272EB8F8BF00B1CF5F /* OneSignalNotificationServiceExtension.appex in Embed Foundation Extensions */,
			);
			name = "Embed Foundation Extensions";
			runOnlyForDeploymentPostprocessing = 0;
		};
/* End PBXCopyFilesBuildPhase section */

/* Begin PBXFileReference section */
		8E301A202EB8F8BF00B1CF5F /* OneSignalNotificationServiceExtension.appex */ = {isa = PBXFileReference; explicitFileType = "wrapper.app-extension"; includeInIndex = 0; path = OneSignalNotificationServiceExtension.appex; sourceTree = BUILT_PRODUCTS_DIR; };
		8E7AB91B2E68ACE8002CC686 /* Swoopy.app */ = {isa = PBXFileReference; explicitFileType = wrapper.application; includeInIndex = 0; path = Swoopy.app; sourceTree = BUILT_PRODUCTS_DIR; };
		8E7AB9282E68ACEB002CC686 /* TrashPickerTests.xctest */ = {isa = PBXFileReference; explicitFileType = wrapper.cfbundle; includeInIndex = 0; path = TrashPickerTests.xctest; sourceTree = BUILT_PRODUCTS_DIR; };
		8E7AB9322E68ACEB002CC686 /* TrashPickerUITests.xctest */ = {isa = PBXFileReference; explicitFileType = wrapper.cfbundle; includeInIndex = 0; path = TrashPickerUITests.xctest; sourceTree = BUILT_PRODUCTS_DIR; };
/* End PBXFileReference section */

/* Begin PBXFileSystemSynchronizedBuildFileExceptionSet section */
		8E301A2B2EB8F8BF00B1CF5F /* Exceptions for "OneSignalNotificationServiceExtension" folder in "OneSignalNotificationServiceExtension" target */ = {
			isa = PBXFileSystemSynchronizedBuildFileExceptionSet;
			membershipExceptions = (
				Info.plist,
			);
			target = 8E301A1F2EB8F8BF00B1CF5F /* OneSignalNotificationServiceExtension */;
		};
		8E3792822E68E40A00D80AD9 /* Exceptions for "TrashPicker" folder in "TrashPicker" target */ = {
			isa = PBXFileSystemSynchronizedBuildFileExceptionSet;
			membershipExceptions = (
				Info.plist,
			);
			target = 8E7AB91A2E68ACE8002CC686 /* TrashPicker */;
		};
/* End PBXFileSystemSynchronizedBuildFileExceptionSet section */

/* Begin PBXFileSystemSynchronizedGroupBuildPhaseMembershipExceptionSet section */
		8E6F55D82E7CD57100DB5FD6 /* Exceptions for "TrashPicker" folder in "Copy Bundle Resources" phase from "TrashPicker" target */ = {
			isa = PBXFileSystemSynchronizedGroupBuildPhaseMembershipExceptionSet;
			buildPhase = 8E7AB9192E68ACE8002CC686 /* Resources */;
			membershipExceptions = (
				Views/AppleSignInbutton.swift,
			);
		};
/* End PBXFileSystemSynchronizedGroupBuildPhaseMembershipExceptionSet section */

/* Begin PBXFileSystemSynchronizedRootGroup section */
		8E301A212EB8F8BF00B1CF5F /* OneSignalNotificationServiceExtension */ = {
			isa = PBXFileSystemSynchronizedRootGroup;
			exceptions = (
				8E301A2B2EB8F8BF00B1CF5F /* Exceptions for "OneSignalNotificationServiceExtension" folder in "OneSignalNotificationServiceExtension" target */,
			);
			path = OneSignalNotificationServiceExtension;
			sourceTree = "<group>";
		};
		8E7AB91D2E68ACE8002CC686 /* TrashPicker */ = {
			isa = PBXFileSystemSynchronizedRootGroup;
			exceptions = (
				8E3792822E68E40A00D80AD9 /* Exceptions for "TrashPicker" folder in "TrashPicker" target */,
				8E6F55D82E7CD57100DB5FD6 /* Exceptions for "TrashPicker" folder in "Copy Bundle Resources" phase from "TrashPicker" target */,
			);
			path = TrashPicker;
			sourceTree = "<group>";
		};
		8E7AB92B2E68ACEB002CC686 /* TrashPickerTests */ = {
			isa = PBXFileSystemSynchronizedRootGroup;
			path = TrashPickerTests;
			sourceTree = "<group>";
		};
		8E7AB9352E68ACEB002CC686 /* TrashPickerUITests */ = {
			isa = PBXFileSystemSynchronizedRootGroup;
			path = TrashPickerUITests;
			sourceTree = "<group>";
		};
/* End PBXFileSystemSynchronizedRootGroup section */

/* Begin PBXFrameworksBuildPhase section */
		8E301A1D2EB8F8BF00B1CF5F /* Frameworks */ = {
			isa = PBXFrameworksBuildPhase;
			buildActionMask = 2147483647;
			files = (
				8E301A302EB8FD6200B1CF5F /* OneSignalExtension in Frameworks */,
			);
			runOnlyForDeploymentPostprocessing = 0;
		};
		8E7AB9182E68ACE8002CC686 /* Frameworks */ = {
			isa = PBXFrameworksBuildPhase;
			buildActionMask = 2147483647;
			files = (
				8E6579A82E7066D800CECD47 /* PostgREST in Frameworks */,
				8E6579A62E7066D800CECD47 /* Functions in Frameworks */,
				8E301A322EB8FD6200B1CF5F /* OneSignalFramework in Frameworks */,
				8E6579AE2E7066D800CECD47 /* Supabase in Frameworks */,
				8E6579A42E7066D800CECD47 /* Auth in Frameworks */,
				8E6579AC2E7066D800CECD47 /* Storage in Frameworks */,
				8EF8740B2EBCA05E00B9CE3E /* SmartlookConsentSDK in Frameworks */,
				8EF874082EBC9C4A00B9CE3E /* SmartlookAnalytics in Frameworks */,
				8E6579AA2E7066D800CECD47 /* Realtime in Frameworks */,
			);
			runOnlyForDeploymentPostprocessing = 0;
		};
		8E7AB9252E68ACEB002CC686 /* Frameworks */ = {
			isa = PBXFrameworksBuildPhase;
			buildActionMask = 2147483647;
			files = (
			);
			runOnlyForDeploymentPostprocessing = 0;
		};
		8E7AB92F2E68ACEB002CC686 /* Frameworks */ = {
			isa = PBXFrameworksBuildPhase;
			buildActionMask = 2147483647;
			files = (
			);
			runOnlyForDeploymentPostprocessing = 0;
		};
/* End PBXFrameworksBuildPhase section */

/* Begin PBXGroup section */
		8E7AB9122E68ACE8002CC686 = {
			isa = PBXGroup;
			children = (
				8E7AB91D2E68ACE8002CC686 /* TrashPicker */,
				8E7AB92B2E68ACEB002CC686 /* TrashPickerTests */,
				8E7AB9352E68ACEB002CC686 /* TrashPickerUITests */,
				8E301A212EB8F8BF00B1CF5F /* OneSignalNotificationServiceExtension */,
				8E7AB91C2E68ACE8002CC686 /* Products */,
			);
			sourceTree = "<group>";
		};
		8E7AB91C2E68ACE8002CC686 /* Products */ = {
			isa = PBXGroup;
			children = (
				8E7AB91B2E68ACE8002CC686 /* Swoopy.app */,
				8E7AB9282E68ACEB002CC686 /* TrashPickerTests.xctest */,
				8E7AB9322E68ACEB002CC686 /* TrashPickerUITests.xctest */,
				8E301A202EB8F8BF00B1CF5F /* OneSignalNotificationServiceExtension.appex */,
			);
			name = Products;
			sourceTree = "<group>";
		};
/* End PBXGroup section */

/* Begin PBXNativeTarget section */
		8E301A1F2EB8F8BF00B1CF5F /* OneSignalNotificationServiceExtension */ = {
			isa = PBXNativeTarget;
			buildConfigurationList = 8E301A282EB8F8BF00B1CF5F /* Build configuration list for PBXNativeTarget "OneSignalNotificationServiceExtension" */;
			buildPhases = (
				8E301A1C2EB8F8BF00B1CF5F /* Sources */,
				8E301A1D2EB8F8BF00B1CF5F /* Frameworks */,
				8E301A1E2EB8F8BF00B1CF5F /* Resources */,
			);
			buildRules = (
			);
			dependencies = (
			);
			fileSystemSynchronizedGroups = (
				8E301A212EB8F8BF00B1CF5F /* OneSignalNotificationServiceExtension */,
			);
			name = OneSignalNotificationServiceExtension;
			packageProductDependencies = (
				8E301A2F2EB8FD6200B1CF5F /* OneSignalExtension */,
			);
			productName = OneSignalNotificationServiceExtension;
			productReference = 8E301A202EB8F8BF00B1CF5F /* OneSignalNotificationServiceExtension.appex */;
			productType = "com.apple.product-type.app-extension";
		};
		8E7AB91A2E68ACE8002CC686 /* TrashPicker */ = {
			isa = PBXNativeTarget;
			buildConfigurationList = 8E7AB93C2E68ACEB002CC686 /* Build configuration list for PBXNativeTarget "TrashPicker" */;
			buildPhases = (
				8E7AB9172E68ACE8002CC686 /* Sources */,
				8E7AB9182E68ACE8002CC686 /* Frameworks */,
				8E7AB9192E68ACE8002CC686 /* Resources */,
				8E301A2C2EB8F8BF00B1CF5F /* Embed Foundation Extensions */,
			);
			buildRules = (
			);
			dependencies = (
				8E301A262EB8F8BF00B1CF5F /* PBXTargetDependency */,
			);
			fileSystemSynchronizedGroups = (
				8E7AB91D2E68ACE8002CC686 /* TrashPicker */,
			);
			name = TrashPicker;
			packageProductDependencies = (
				8E6579A32E7066D800CECD47 /* Auth */,
				8E6579A52E7066D800CECD47 /* Functions */,
				8E6579A72E7066D800CECD47 /* PostgREST */,
				8E6579A92E7066D800CECD47 /* Realtime */,
				8E6579AB2E7066D800CECD47 /* Storage */,
				8E6579AD2E7066D800CECD47 /* Supabase */,
				8E301A312EB8FD6200B1CF5F /* OneSignalFramework */,
				8EF874072EBC9C4A00B9CE3E /* SmartlookAnalytics */,
				8EF8740A2EBCA05E00B9CE3E /* SmartlookConsentSDK */,
			);
			productName = TrashPicker;
			productReference = 8E7AB91B2E68ACE8002CC686 /* Swoopy.app */;
			productType = "com.apple.product-type.application";
		};
		8E7AB9272E68ACEB002CC686 /* TrashPickerTests */ = {
			isa = PBXNativeTarget;
			buildConfigurationList = 8E7AB93F2E68ACEB002CC686 /* Build configuration list for PBXNativeTarget "TrashPickerTests" */;
			buildPhases = (
				8E7AB9242E68ACEB002CC686 /* Sources */,
				8E7AB9252E68ACEB002CC686 /* Frameworks */,
				8E7AB9262E68ACEB002CC686 /* Resources */,
			);
			buildRules = (
			);
			dependencies = (
				8E7AB92A2E68ACEB002CC686 /* PBXTargetDependency */,
			);
			fileSystemSynchronizedGroups = (
				8E7AB92B2E68ACEB002CC686 /* TrashPickerTests */,
			);
			name = TrashPickerTests;
			packageProductDependencies = (
			);
			productName = TrashPickerTests;
			productReference = 8E7AB9282E68ACEB002CC686 /* TrashPickerTests.xctest */;
			productType = "com.apple.product-type.bundle.unit-test";
		};
		8E7AB9312E68ACEB002CC686 /* TrashPickerUITests */ = {
			isa = PBXNativeTarget;
			buildConfigurationList = 8E7AB9422E68ACEB002CC686 /* Build configuration list for PBXNativeTarget "TrashPickerUITests" */;
			buildPhases = (
				8E7AB92E2E68ACEB002CC686 /* Sources */,
				8E7AB92F2E68ACEB002CC686 /* Frameworks */,
				8E7AB9302E68ACEB002CC686 /* Resources */,
			);
			buildRules = (
			);
			dependencies = (
				8E7AB9342E68ACEB002CC686 /* PBXTargetDependency */,
			);
			fileSystemSynchronizedGroups = (
				8E7AB9352E68ACEB002CC686 /* TrashPickerUITests */,
			);
			name = TrashPickerUITests;
			packageProductDependencies = (
			);
			productName = TrashPickerUITests;
			productReference = 8E7AB9322E68ACEB002CC686 /* TrashPickerUITests.xctest */;
			productType = "com.apple.product-type.bundle.ui-testing";
		};
/* End PBXNativeTarget section */

/* Begin PBXProject section */
		8E7AB9132E68ACE8002CC686 /* Project object */ = {
			isa = PBXProject;
			attributes = {
				BuildIndependentTargetsInParallel = 1;
				LastSwiftUpdateCheck = 2600;
				LastUpgradeCheck = 2600;
				TargetAttributes = {
					8E301A1F2EB8F8BF00B1CF5F = {
						CreatedOnToolsVersion = 26.0;
					};
					8E7AB91A2E68ACE8002CC686 = {
						CreatedOnToolsVersion = 16.4;
					};
					8E7AB9272E68ACEB002CC686 = {
						CreatedOnToolsVersion = 16.4;
						TestTargetID = 8E7AB91A2E68ACE8002CC686;
					};
					8E7AB9312E68ACEB002CC686 = {
						CreatedOnToolsVersion = 16.4;
						TestTargetID = 8E7AB91A2E68ACE8002CC686;
					};
				};
			};
			buildConfigurationList = 8E7AB9162E68ACE8002CC686 /* Build configuration list for PBXProject "TrashPicker" */;
			developmentRegion = en;
			hasScannedForEncodings = 0;
			knownRegions = (
				en,
				Base,
				es,
			);
			mainGroup = 8E7AB9122E68ACE8002CC686;
			minimizedProjectReferenceProxies = 1;
			packageReferences = (
				8E6579A22E70663100CECD47 /* XCRemoteSwiftPackageReference "supabase-swift" */,
				8E301A2E2EB8FD6200B1CF5F /* XCRemoteSwiftPackageReference "OneSignal-iOS-SDK" */,
				8EF874062EBC9C4A00B9CE3E /* XCRemoteSwiftPackageReference "analytics-swift-package" */,
				8EF874092EBCA05E00B9CE3E /* XCRemoteSwiftPackageReference "ios-consent-sdk" */,
			);
			preferredProjectObjectVersion = 77;
			productRefGroup = 8E7AB91C2E68ACE8002CC686 /* Products */;
			projectDirPath = "";
			projectRoot = "";
			targets = (
				8E7AB91A2E68ACE8002CC686 /* TrashPicker */,
				8E7AB9272E68ACEB002CC686 /* TrashPickerTests */,
				8E7AB9312E68ACEB002CC686 /* TrashPickerUITests */,
				8E301A1F2EB8F8BF00B1CF5F /* OneSignalNotificationServiceExtension */,
			);
		};
/* End PBXProject section */

/* Begin PBXResourcesBuildPhase section */
		8E301A1E2EB8F8BF00B1CF5F /* Resources */ = {
			isa = PBXResourcesBuildPhase;
			buildActionMask = 2147483647;
			files = (
			);
			runOnlyForDeploymentPostprocessing = 0;
		};
		8E7AB9192E68ACE8002CC686 /* Resources */ = {
			isa = PBXResourcesBuildPhase;
			buildActionMask = 2147483647;
			files = (
			);
			runOnlyForDeploymentPostprocessing = 0;
		};
		8E7AB9262E68ACEB002CC686 /* Resources */ = {
			isa = PBXResourcesBuildPhase;
			buildActionMask = 2147483647;
			files = (
			);
			runOnlyForDeploymentPostprocessing = 0;
		};
		8E7AB9302E68ACEB002CC686 /* Resources */ = {
			isa = PBXResourcesBuildPhase;
			buildActionMask = 2147483647;
			files = (
			);
			runOnlyForDeploymentPostprocessing = 0;
		};
/* End PBXResourcesBuildPhase section */

/* Begin PBXSourcesBuildPhase section */
		8E301A1C2EB8F8BF00B1CF5F /* Sources */ = {
			isa = PBXSourcesBuildPhase;
			buildActionMask = 2147483647;
			files = (
			);
			runOnlyForDeploymentPostprocessing = 0;
		};
		8E7AB9172E68ACE8002CC686 /* Sources */ = {
			isa = PBXSourcesBuildPhase;
			buildActionMask = 2147483647;
			files = (
			);
			runOnlyForDeploymentPostprocessing = 0;
		};
		8E7AB9242E68ACEB002CC686 /* Sources */ = {
			isa = PBXSourcesBuildPhase;
			buildActionMask = 2147483647;
			files = (
			);
			runOnlyForDeploymentPostprocessing = 0;
		};
		8E7AB92E2E68ACEB002CC686 /* Sources */ = {
			isa = PBXSourcesBuildPhase;
			buildActionMask = 2147483647;
			files = (
			);
			runOnlyForDeploymentPostprocessing = 0;
		};
/* End PBXSourcesBuildPhase section */

/* Begin PBXTargetDependency section */
		8E301A262EB8F8BF00B1CF5F /* PBXTargetDependency */ = {
			isa = PBXTargetDependency;
			target = 8E301A1F2EB8F8BF00B1CF5F /* OneSignalNotificationServiceExtension */;
			targetProxy = 8E301A252EB8F8BF00B1CF5F /* PBXContainerItemProxy */;
		};
		8E7AB92A2E68ACEB002CC686 /* PBXTargetDependency */ = {
			isa = PBXTargetDependency;
			target = 8E7AB91A2E68ACE8002CC686 /* TrashPicker */;
			targetProxy = 8E7AB9292E68ACEB002CC686 /* PBXContainerItemProxy */;
		};
		8E7AB9342E68ACEB002CC686 /* PBXTargetDependency */ = {
			isa = PBXTargetDependency;
			target = 8E7AB91A2E68ACE8002CC686 /* TrashPicker */;
			targetProxy = 8E7AB9332E68ACEB002CC686 /* PBXContainerItemProxy */;
		};
/* End PBXTargetDependency section */

/* Begin XCBuildConfiguration section */
		8E301A292EB8F8BF00B1CF5F /* Debug */ = {
			isa = XCBuildConfiguration;
			buildSettings = {
				CODE_SIGN_ENTITLEMENTS = OneSignalNotificationServiceExtension/OneSignalNotificationServiceExtension.entitlements;
				CODE_SIGN_STYLE = Automatic;
				CURRENT_PROJECT_VERSION = 1;
				DEVELOPMENT_TEAM = SS76JYRJ56;
				GENERATE_INFOPLIST_FILE = YES;
				INFOPLIST_FILE = OneSignalNotificationServiceExtension/Info.plist;
				INFOPLIST_KEY_CFBundleDisplayName = OneSignalNotificationServiceExtension;
				INFOPLIST_KEY_NSHumanReadableCopyright = "";
				IPHONEOS_DEPLOYMENT_TARGET = 26.0;
				LD_RUNPATH_SEARCH_PATHS = (
					"$(inherited)",
					"@executable_path/Frameworks",
					"@executable_path/../../Frameworks",
				);
				MARKETING_VERSION = 1.0;
				PRODUCT_BUNDLE_IDENTIFIER = com.zainlatif.Swoopy.OneSignalNotificationServiceExtension;
				PRODUCT_NAME = "$(TARGET_NAME)";
				SKIP_INSTALL = YES;
				STRING_CATALOG_GENERATE_SYMBOLS = YES;
				SWIFT_APPROACHABLE_CONCURRENCY = YES;
				SWIFT_EMIT_LOC_STRINGS = YES;
				SWIFT_UPCOMING_FEATURE_MEMBER_IMPORT_VISIBILITY = YES;
				SWIFT_VERSION = 5.0;
				TARGETED_DEVICE_FAMILY = "1,2";
			};
			name = Debug;
		};
		8E301A2A2EB8F8BF00B1CF5F /* Release */ = {
			isa = XCBuildConfiguration;
			buildSettings = {
				CODE_SIGN_ENTITLEMENTS = OneSignalNotificationServiceExtension/OneSignalNotificationServiceExtension.entitlements;
				CODE_SIGN_STYLE = Automatic;
				CURRENT_PROJECT_VERSION = 1;
				DEVELOPMENT_TEAM = SS76JYRJ56;
				GENERATE_INFOPLIST_FILE = YES;
				INFOPLIST_FILE = OneSignalNotificationServiceExtension/Info.plist;
				INFOPLIST_KEY_CFBundleDisplayName = OneSignalNotificationServiceExtension;
				INFOPLIST_KEY_NSHumanReadableCopyright = "";
				IPHONEOS_DEPLOYMENT_TARGET = 26.0;
				LD_RUNPATH_SEARCH_PATHS = (
					"$(inherited)",
					"@executable_path/Frameworks",
					"@executable_path/../../Frameworks",
				);
				MARKETING_VERSION = 1.0;
				PRODUCT_BUNDLE_IDENTIFIER = com.zainlatif.Swoopy.OneSignalNotificationServiceExtension;
				PRODUCT_NAME = "$(TARGET_NAME)";
				SKIP_INSTALL = YES;
				STRING_CATALOG_GENERATE_SYMBOLS = YES;
				SWIFT_APPROACHABLE_CONCURRENCY = YES;
				SWIFT_EMIT_LOC_STRINGS = YES;
				SWIFT_UPCOMING_FEATURE_MEMBER_IMPORT_VISIBILITY = YES;
				SWIFT_VERSION = 5.0;
				TARGETED_DEVICE_FAMILY = "1,2";
			};
			name = Release;
		};
		8E7AB93A2E68ACEB002CC686 /* Debug */ = {
			isa = XCBuildConfiguration;
			buildSettings = {
				ALWAYS_SEARCH_USER_PATHS = NO;
				ASSETCATALOG_COMPILER_GENERATE_SWIFT_ASSET_SYMBOL_EXTENSIONS = YES;
				CLANG_ANALYZER_NONNULL = YES;
				CLANG_ANALYZER_NUMBER_OBJECT_CONVERSION = YES_AGGRESSIVE;
				CLANG_CXX_LANGUAGE_STANDARD = "gnu++20";
				CLANG_ENABLE_MODULES = YES;
				CLANG_ENABLE_OBJC_ARC = YES;
				CLANG_ENABLE_OBJC_WEAK = YES;
				CLANG_WARN_BLOCK_CAPTURE_AUTORELEASING = YES;
				CLANG_WARN_BOOL_CONVERSION = YES;
				CLANG_WARN_COMMA = YES;
				CLANG_WARN_CONSTANT_CONVERSION = YES;
				CLANG_WARN_DEPRECATED_OBJC_IMPLEMENTATIONS = YES;
				CLANG_WARN_DIRECT_OBJC_ISA_USAGE = YES_ERROR;
				CLANG_WARN_DOCUMENTATION_COMMENTS = YES;
				CLANG_WARN_EMPTY_BODY = YES;
				CLANG_WARN_ENUM_CONVERSION = YES;
				CLANG_WARN_INFINITE_RECURSION = YES;
				CLANG_WARN_INT_CONVERSION = YES;
				CLANG_WARN_NON_LITERAL_NULL_CONVERSION = YES;
				CLANG_WARN_OBJC_IMPLICIT_RETAIN_SELF = YES;
				CLANG_WARN_OBJC_LITERAL_CONVERSION = YES;
				CLANG_WARN_OBJC_ROOT_CLASS = YES_ERROR;
				CLANG_WARN_QUOTED_INCLUDE_IN_FRAMEWORK_HEADER = YES;
				CLANG_WARN_RANGE_LOOP_ANALYSIS = YES;
				CLANG_WARN_STRICT_PROTOTYPES = YES;
				CLANG_WARN_SUSPICIOUS_MOVE = YES;
				CLANG_WARN_UNGUARDED_AVAILABILITY = YES_AGGRESSIVE;
				CLANG_WARN_UNREACHABLE_CODE = YES;
				CLANG_WARN__DUPLICATE_METHOD_MATCH = YES;
				COPY_PHASE_STRIP = NO;
				DEBUG_INFORMATION_FORMAT = dwarf;
				DEVELOPMENT_TEAM = SS76JYRJ56;
				ENABLE_STRICT_OBJC_MSGSEND = YES;
				ENABLE_TESTABILITY = YES;
				ENABLE_USER_SCRIPT_SANDBOXING = YES;
				GCC_C_LANGUAGE_STANDARD = gnu17;
				GCC_DYNAMIC_NO_PIC = NO;
				GCC_NO_COMMON_BLOCKS = YES;
				GCC_OPTIMIZATION_LEVEL = 0;
				GCC_PREPROCESSOR_DEFINITIONS = (
					"DEBUG=1",
					"$(inherited)",
				);
				GCC_WARN_64_TO_32_BIT_CONVERSION = YES;
				GCC_WARN_ABOUT_RETURN_TYPE = YES_ERROR;
				GCC_WARN_UNDECLARED_SELECTOR = YES;
				GCC_WARN_UNINITIALIZED_AUTOS = YES_AGGRESSIVE;
				GCC_WARN_UNUSED_FUNCTION = YES;
				GCC_WARN_UNUSED_VARIABLE = YES;
				IPHONEOS_DEPLOYMENT_TARGET = 18.5;
				LOCALIZATION_PREFERS_STRING_CATALOGS = YES;
				MTL_ENABLE_DEBUG_INFO = INCLUDE_SOURCE;
				MTL_FAST_MATH = YES;
				ONLY_ACTIVE_ARCH = YES;
				SDKROOT = iphoneos;
				STRING_CATALOG_GENERATE_SYMBOLS = YES;
				SWIFT_ACTIVE_COMPILATION_CONDITIONS = "DEBUG $(inherited)";
				SWIFT_OPTIMIZATION_LEVEL = "-Onone";
			};
			name = Debug;
		};
		8E7AB93B2E68ACEB002CC686 /* Release */ = {
			isa = XCBuildConfiguration;
			buildSettings = {
				ALWAYS_SEARCH_USER_PATHS = NO;
				ASSETCATALOG_COMPILER_GENERATE_SWIFT_ASSET_SYMBOL_EXTENSIONS = YES;
				CLANG_ANALYZER_NONNULL = YES;
				CLANG_ANALYZER_NUMBER_OBJECT_CONVERSION = YES_AGGRESSIVE;
				CLANG_CXX_LANGUAGE_STANDARD = "gnu++20";
				CLANG_ENABLE_MODULES = YES;
				CLANG_ENABLE_OBJC_ARC = YES;
				CLANG_ENABLE_OBJC_WEAK = YES;
				CLANG_WARN_BLOCK_CAPTURE_AUTORELEASING = YES;
				CLANG_WARN_BOOL_CONVERSION = YES;
				CLANG_WARN_COMMA = YES;
				CLANG_WARN_CONSTANT_CONVERSION = YES;
				CLANG_WARN_DEPRECATED_OBJC_IMPLEMENTATIONS = YES;
				CLANG_WARN_DIRECT_OBJC_ISA_USAGE = YES_ERROR;
				CLANG_WARN_DOCUMENTATION_COMMENTS = YES;
				CLANG_WARN_EMPTY_BODY = YES;
				CLANG_WARN_ENUM_CONVERSION = YES;
				CLANG_WARN_INFINITE_RECURSION = YES;
				CLANG_WARN_INT_CONVERSION = YES;
				CLANG_WARN_NON_LITERAL_NULL_CONVERSION = YES;
				CLANG_WARN_OBJC_IMPLICIT_RETAIN_SELF = YES;
				CLANG_WARN_OBJC_LITERAL_CONVERSION = YES;
				CLANG_WARN_OBJC_ROOT_CLASS = YES_ERROR;
				CLANG_WARN_QUOTED_INCLUDE_IN_FRAMEWORK_HEADER = YES;
				CLANG_WARN_RANGE_LOOP_ANALYSIS = YES;
				CLANG_WARN_STRICT_PROTOTYPES = YES;
				CLANG_WARN_SUSPICIOUS_MOVE = YES;
				CLANG_WARN_UNGUARDED_AVAILABILITY = YES_AGGRESSIVE;
				CLANG_WARN_UNREACHABLE_CODE = YES;
				CLANG_WARN__DUPLICATE_METHOD_MATCH = YES;
				COPY_PHASE_STRIP = NO;
				DEBUG_INFORMATION_FORMAT = "dwarf-with-dsym";
				DEVELOPMENT_TEAM = SS76JYRJ56;
				ENABLE_NS_ASSERTIONS = NO;
				ENABLE_STRICT_OBJC_MSGSEND = YES;
				ENABLE_USER_SCRIPT_SANDBOXING = YES;
				GCC_C_LANGUAGE_STANDARD = gnu17;
				GCC_NO_COMMON_BLOCKS = YES;
				GCC_WARN_64_TO_32_BIT_CONVERSION = YES;
				GCC_WARN_ABOUT_RETURN_TYPE = YES_ERROR;
				GCC_WARN_UNDECLARED_SELECTOR = YES;
				GCC_WARN_UNINITIALIZED_AUTOS = YES_AGGRESSIVE;
				GCC_WARN_UNUSED_FUNCTION = YES;
				GCC_WARN_UNUSED_VARIABLE = YES;
				IPHONEOS_DEPLOYMENT_TARGET = 18.5;
				LOCALIZATION_PREFERS_STRING_CATALOGS = YES;
				MTL_ENABLE_DEBUG_INFO = NO;
				MTL_FAST_MATH = YES;
				SDKROOT = iphoneos;
				STRING_CATALOG_GENERATE_SYMBOLS = YES;
				SWIFT_COMPILATION_MODE = wholemodule;
				VALIDATE_PRODUCT = YES;
			};
			name = Release;
		};
		8E7AB93D2E68ACEB002CC686 /* Debug */ = {
			isa = XCBuildConfiguration;
			buildSettings = {
				ASSETCATALOG_COMPILER_APPICON_NAME = AppIcon;
				ASSETCATALOG_COMPILER_GLOBAL_ACCENT_COLOR_NAME = AccentColor;
				CODE_SIGN_ENTITLEMENTS = TrashPicker/TrashPicker.entitlements;
				CODE_SIGN_STYLE = Automatic;
				CURRENT_PROJECT_VERSION = 1;
				DEVELOPMENT_TEAM = SS76JYRJ56;
				ENABLE_PREVIEWS = YES;
				GENERATE_INFOPLIST_FILE = YES;
				INFOPLIST_FILE = TrashPicker/Info.plist;
				INFOPLIST_KEY_CFBundleDisplayName = Swoopy;
				INFOPLIST_KEY_LSApplicationCategoryType = "public.app-category.lifestyle";
				INFOPLIST_KEY_NSCameraUsageDescription = "We need camera access to let you take photos of items you want to share with the community.";
				INFOPLIST_KEY_NSFaceIDUsageDescription = "";
				INFOPLIST_KEY_NSLocationWhenInUseUsageDescription = "Allow location to show nearby items and approximate pickup spots.";
				INFOPLIST_KEY_NSPhotoLibraryAddUsageDescription = "Allow saving the photos you upload to your library.";
				INFOPLIST_KEY_NSPhotoLibraryUsageDescription = "Allow selecting photos of items to give away.";
				INFOPLIST_KEY_UIApplicationSceneManifest_Generation = YES;
				INFOPLIST_KEY_UIApplicationSupportsIndirectInputEvents = YES;
				INFOPLIST_KEY_UILaunchStoryboardName = "Launch Screen";
				INFOPLIST_KEY_UISupportedInterfaceOrientations_iPad = "UIInterfaceOrientationPortrait UIInterfaceOrientationPortraitUpsideDown UIInterfaceOrientationLandscapeLeft UIInterfaceOrientationLandscapeRight";
				INFOPLIST_KEY_UISupportedInterfaceOrientations_iPhone = "UIInterfaceOrientationPortrait UIInterfaceOrientationLandscapeLeft UIInterfaceOrientationLandscapeRight";
				INFOPLIST_KEY_UIUserInterfaceStyle = Light;
				IPHONEOS_DEPLOYMENT_TARGET = 18;
				LD_RUNPATH_SEARCH_PATHS = (
					"$(inherited)",
					"@executable_path/Frameworks",
				);
				MARKETING_VERSION = 1.0;
				PRODUCT_BUNDLE_IDENTIFIER = com.zainlatif.Swoopy;
				PRODUCT_NAME = Swoopy;
				SWIFT_EMIT_LOC_STRINGS = YES;
				SWIFT_VERSION = 5.0;
				TARGETED_DEVICE_FAMILY = "1,2";
			};
			name = Debug;
		};
		8E7AB93E2E68ACEB002CC686 /* Release */ = {
			isa = XCBuildConfiguration;
			buildSettings = {
				ASSETCATALOG_COMPILER_APPICON_NAME = AppIcon;
				ASSETCATALOG_COMPILER_GLOBAL_ACCENT_COLOR_NAME = AccentColor;
				CODE_SIGN_ENTITLEMENTS = TrashPicker/TrashPicker.entitlements;
				CODE_SIGN_STYLE = Automatic;
				CURRENT_PROJECT_VERSION = 1;
				DEVELOPMENT_TEAM = SS76JYRJ56;
				ENABLE_PREVIEWS = YES;
				GENERATE_INFOPLIST_FILE = YES;
				INFOPLIST_FILE = TrashPicker/Info.plist;
				INFOPLIST_KEY_CFBundleDisplayName = Swoopy;
				INFOPLIST_KEY_LSApplicationCategoryType = "public.app-category.lifestyle";
				INFOPLIST_KEY_NSCameraUsageDescription = "We need camera access to let you take photos of items you want to share with the community.";
				INFOPLIST_KEY_NSFaceIDUsageDescription = "";
				INFOPLIST_KEY_NSLocationWhenInUseUsageDescription = "Allow location to show nearby items and approximate pickup spots.";
				INFOPLIST_KEY_NSPhotoLibraryAddUsageDescription = "Allow saving the photos you upload to your library.";
				INFOPLIST_KEY_NSPhotoLibraryUsageDescription = "Allow selecting photos of items to give away.";
				INFOPLIST_KEY_UIApplicationSceneManifest_Generation = YES;
				INFOPLIST_KEY_UIApplicationSupportsIndirectInputEvents = YES;
				INFOPLIST_KEY_UILaunchStoryboardName = "Launch Screen";
				INFOPLIST_KEY_UISupportedInterfaceOrientations_iPad = "UIInterfaceOrientationPortrait UIInterfaceOrientationPortraitUpsideDown UIInterfaceOrientationLandscapeLeft UIInterfaceOrientationLandscapeRight";
				INFOPLIST_KEY_UISupportedInterfaceOrientations_iPhone = "UIInterfaceOrientationPortrait UIInterfaceOrientationLandscapeLeft UIInterfaceOrientationLandscapeRight";
				INFOPLIST_KEY_UIUserInterfaceStyle = Light;
				IPHONEOS_DEPLOYMENT_TARGET = 18;
				LD_RUNPATH_SEARCH_PATHS = (
					"$(inherited)",
					"@executable_path/Frameworks",
				);
				MARKETING_VERSION = 1.0;
				PRODUCT_BUNDLE_IDENTIFIER = com.zainlatif.Swoopy;
				PRODUCT_NAME = Swoopy;
				SWIFT_EMIT_LOC_STRINGS = YES;
				SWIFT_VERSION = 5.0;
				TARGETED_DEVICE_FAMILY = "1,2";
			};
			name = Release;
		};
		8E7AB9402E68ACEB002CC686 /* Debug */ = {
			isa = XCBuildConfiguration;
			buildSettings = {
				BUNDLE_LOADER = "$(TEST_HOST)";
				CODE_SIGN_STYLE = Automatic;
				CURRENT_PROJECT_VERSION = 1;
				DEVELOPMENT_TEAM = SS76JYRJ56;
				GENERATE_INFOPLIST_FILE = YES;
				IPHONEOS_DEPLOYMENT_TARGET = 18.0;
				MARKETING_VERSION = 1.0;
				PRODUCT_BUNDLE_IDENTIFIER = com.zainlatif.TrashPickerTests;
				PRODUCT_NAME = "$(TARGET_NAME)";
				SWIFT_EMIT_LOC_STRINGS = NO;
				SWIFT_VERSION = 5.0;
				TARGETED_DEVICE_FAMILY = "1,2";
				TEST_HOST = "$(BUILT_PRODUCTS_DIR)/Swoopy.app/$(BUNDLE_EXECUTABLE_FOLDER_PATH)/Swoopy";
			};
			name = Debug;
		};
		8E7AB9412E68ACEB002CC686 /* Release */ = {
			isa = XCBuildConfiguration;
			buildSettings = {
				BUNDLE_LOADER = "$(TEST_HOST)";
				CODE_SIGN_STYLE = Automatic;
				CURRENT_PROJECT_VERSION = 1;
				DEVELOPMENT_TEAM = SS76JYRJ56;
				GENERATE_INFOPLIST_FILE = YES;
				IPHONEOS_DEPLOYMENT_TARGET = 18.0;
				MARKETING_VERSION = 1.0;
				PRODUCT_BUNDLE_IDENTIFIER = com.zainlatif.TrashPickerTests;
				PRODUCT_NAME = "$(TARGET_NAME)";
				SWIFT_EMIT_LOC_STRINGS = NO;
				SWIFT_VERSION = 5.0;
				TARGETED_DEVICE_FAMILY = "1,2";
				TEST_HOST = "$(BUILT_PRODUCTS_DIR)/Swoopy.app/$(BUNDLE_EXECUTABLE_FOLDER_PATH)/Swoopy";
			};
			name = Release;
		};
		8E7AB9432E68ACEB002CC686 /* Debug */ = {
			isa = XCBuildConfiguration;
			buildSettings = {
				CODE_SIGN_STYLE = Automatic;
				CURRENT_PROJECT_VERSION = 1;
				DEVELOPMENT_TEAM = SS76JYRJ56;
				GENERATE_INFOPLIST_FILE = YES;
				IPHONEOS_DEPLOYMENT_TARGET = 18.0;
				MARKETING_VERSION = 1.0;
				PRODUCT_BUNDLE_IDENTIFIER = com.zainlatif.TrashPickerUITests;
				PRODUCT_NAME = "$(TARGET_NAME)";
				SWIFT_EMIT_LOC_STRINGS = NO;
				SWIFT_VERSION = 5.0;
				TARGETED_DEVICE_FAMILY = "1,2";
				TEST_TARGET_NAME = TrashPicker;
			};
			name = Debug;
		};
		8E7AB9442E68ACEB002CC686 /* Release */ = {
			isa = XCBuildConfiguration;
			buildSettings = {
				CODE_SIGN_STYLE = Automatic;
				CURRENT_PROJECT_VERSION = 1;
				DEVELOPMENT_TEAM = SS76JYRJ56;
				GENERATE_INFOPLIST_FILE = YES;
				IPHONEOS_DEPLOYMENT_TARGET = 18.0;
				MARKETING_VERSION = 1.0;
				PRODUCT_BUNDLE_IDENTIFIER = com.zainlatif.TrashPickerUITests;
				PRODUCT_NAME = "$(TARGET_NAME)";
				SWIFT_EMIT_LOC_STRINGS = NO;
				SWIFT_VERSION = 5.0;
				TARGETED_DEVICE_FAMILY = "1,2";
				TEST_TARGET_NAME = TrashPicker;
			};
			name = Release;
		};
/* End XCBuildConfiguration section */

/* Begin XCConfigurationList section */
		8E301A282EB8F8BF00B1CF5F /* Build configuration list for PBXNativeTarget "OneSignalNotificationServiceExtension" */ = {
			isa = XCConfigurationList;
			buildConfigurations = (
				8E301A292EB8F8BF00B1CF5F /* Debug */,
				8E301A2A2EB8F8BF00B1CF5F /* Release */,
			);
			defaultConfigurationIsVisible = 0;
			defaultConfigurationName = Release;
		};
		8E7AB9162E68ACE8002CC686 /* Build configuration list for PBXProject "TrashPicker" */ = {
			isa = XCConfigurationList;
			buildConfigurations = (
				8E7AB93A2E68ACEB002CC686 /* Debug */,
				8E7AB93B2E68ACEB002CC686 /* Release */,
			);
			defaultConfigurationIsVisible = 0;
			defaultConfigurationName = Release;
		};
		8E7AB93C2E68ACEB002CC686 /* Build configuration list for PBXNativeTarget "TrashPicker" */ = {
			isa = XCConfigurationList;
			buildConfigurations = (
				8E7AB93D2E68ACEB002CC686 /* Debug */,
				8E7AB93E2E68ACEB002CC686 /* Release */,
			);
			defaultConfigurationIsVisible = 0;
			defaultConfigurationName = Release;
		};
		8E7AB93F2E68ACEB002CC686 /* Build configuration list for PBXNativeTarget "TrashPickerTests" */ = {
			isa = XCConfigurationList;
			buildConfigurations = (
				8E7AB9402E68ACEB002CC686 /* Debug */,
				8E7AB9412E68ACEB002CC686 /* Release */,
			);
			defaultConfigurationIsVisible = 0;
			defaultConfigurationName = Release;
		};
		8E7AB9422E68ACEB002CC686 /* Build configuration list for PBXNativeTarget "TrashPickerUITests" */ = {
			isa = XCConfigurationList;
			buildConfigurations = (
				8E7AB9432E68ACEB002CC686 /* Debug */,
				8E7AB9442E68ACEB002CC686 /* Release */,
			);
			defaultConfigurationIsVisible = 0;
			defaultConfigurationName = Release;
		};
/* End XCConfigurationList section */

/* Begin XCRemoteSwiftPackageReference section */
		8E301A2E2EB8FD6200B1CF5F /* XCRemoteSwiftPackageReference "OneSignal-iOS-SDK" */ = {
			isa = XCRemoteSwiftPackageReference;
			repositoryURL = "https://github.com/OneSignal/OneSignal-iOS-SDK";
			requirement = {
				kind = upToNextMajorVersion;
				minimumVersion = 5.2.15;
			};
		};
		8E6579A22E70663100CECD47 /* XCRemoteSwiftPackageReference "supabase-swift" */ = {
			isa = XCRemoteSwiftPackageReference;
			repositoryURL = "https://github.com/supabase-community/supabase-swift";
			requirement = {
				kind = upToNextMajorVersion;
				minimumVersion = 2.5.1;
			};
		};
		8EF874062EBC9C4A00B9CE3E /* XCRemoteSwiftPackageReference "analytics-swift-package" */ = {
			isa = XCRemoteSwiftPackageReference;
			repositoryURL = "https://github.com/smartlook/analytics-swift-package";
			requirement = {
				kind = upToNextMajorVersion;
				minimumVersion = 2.2.15;
			};
		};
		8EF874092EBCA05E00B9CE3E /* XCRemoteSwiftPackageReference "ios-consent-sdk" */ = {
			isa = XCRemoteSwiftPackageReference;
			repositoryURL = "https://github.com/smartlook/ios-consent-sdk.git";
			requirement = {
				kind = upToNextMajorVersion;
				minimumVersion = 1.6.0;
			};
		};
/* End XCRemoteSwiftPackageReference section */

/* Begin XCSwiftPackageProductDependency section */
		8E301A2F2EB8FD6200B1CF5F /* OneSignalExtension */ = {
			isa = XCSwiftPackageProductDependency;
			package = 8E301A2E2EB8FD6200B1CF5F /* XCRemoteSwiftPackageReference "OneSignal-iOS-SDK" */;
			productName = OneSignalExtension;
		};
		8E301A312EB8FD6200B1CF5F /* OneSignalFramework */ = {
			isa = XCSwiftPackageProductDependency;
			package = 8E301A2E2EB8FD6200B1CF5F /* XCRemoteSwiftPackageReference "OneSignal-iOS-SDK" */;
			productName = OneSignalFramework;
		};
		8E6579A32E7066D800CECD47 /* Auth */ = {
			isa = XCSwiftPackageProductDependency;
			package = 8E6579A22E70663100CECD47 /* XCRemoteSwiftPackageReference "supabase-swift" */;
			productName = Auth;
		};
		8E6579A52E7066D800CECD47 /* Functions */ = {
			isa = XCSwiftPackageProductDependency;
			package = 8E6579A22E70663100CECD47 /* XCRemoteSwiftPackageReference "supabase-swift" */;
			productName = Functions;
		};
		8E6579A72E7066D800CECD47 /* PostgREST */ = {
			isa = XCSwiftPackageProductDependency;
			package = 8E6579A22E70663100CECD47 /* XCRemoteSwiftPackageReference "supabase-swift" */;
			productName = PostgREST;
		};
		8E6579A92E7066D800CECD47 /* Realtime */ = {
			isa = XCSwiftPackageProductDependency;
			package = 8E6579A22E70663100CECD47 /* XCRemoteSwiftPackageReference "supabase-swift" */;
			productName = Realtime;
		};
		8E6579AB2E7066D800CECD47 /* Storage */ = {
			isa = XCSwiftPackageProductDependency;
			package = 8E6579A22E70663100CECD47 /* XCRemoteSwiftPackageReference "supabase-swift" */;
			productName = Storage;
		};
		8E6579AD2E7066D800CECD47 /* Supabase */ = {
			isa = XCSwiftPackageProductDependency;
			package = 8E6579A22E70663100CECD47 /* XCRemoteSwiftPackageReference "supabase-swift" */;
			productName = Supabase;
		};
		8EF874072EBC9C4A00B9CE3E /* SmartlookAnalytics */ = {
			isa = XCSwiftPackageProductDependency;
			package = 8EF874062EBC9C4A00B9CE3E /* XCRemoteSwiftPackageReference "analytics-swift-package" */;
			productName = SmartlookAnalytics;
		};
		8EF8740A2EBCA05E00B9CE3E /* SmartlookConsentSDK */ = {
			isa = XCSwiftPackageProductDependency;
			package = 8EF874092EBCA05E00B9CE3E /* XCRemoteSwiftPackageReference "ios-consent-sdk" */;
			productName = SmartlookConsentSDK;
		};
/* End XCSwiftPackageProductDependency section */
	};
	rootObject = 8E7AB9132E68ACE8002CC686 /* Project object */;
}
